
Microsoft Visual Studio Solution File, Format Version 12.00
# Visual Studio Version 17
VisualStudioVersion = 17.11.35303.130
MinimumVisualStudioVersion = 10.0.40219.1
Project("{FAE04EC0-301F-11D3-BF4B-00C04F79EFBC}") = "WordFinderApp", "WordFinderApp\WordFinderApp.csproj", "{BD19D8A4-6ACC-4140-83E0-939AEFAFC8E3}"
EndProject
Project("{FAE04EC0-301F-11D3-BF4B-00C04F79EFBC}") = "Tests", "Tests\Tests.csproj", "{7DAC1873-733B-4F9E-AFB7-EAE7B790A8A1}"
EndProject
Global
	GlobalSection(SolutionConfigurationPlatforms) = preSolution
		Debug|Any CPU = Debug|Any CPU
		Release|Any CPU = Release|Any CPU
	EndGlobalSection
	GlobalSection(ProjectConfigurationPlatforms) = postSolution
		{BD19D8A4-6ACC-4140-83E0-939AEFAFC8E3}.Debug|Any CPU.ActiveCfg = Debug|Any CPU
		{BD19D8A4-6ACC-4140-83E0-939AEFAFC8E3}.Debug|Any CPU.Build.0 = Debug|Any CPU
		{BD19D8A4-6ACC-4140-83E0-939AEFAFC8E3}.Release|Any CPU.ActiveCfg = Release|Any CPU
		{BD19D8A4-6ACC-4140-83E0-939AEFAFC8E3}.Release|Any CPU.Build.0 = Release|Any CPU
		{7DAC1873-733B-4F9E-AFB7-EAE7B790A8A1}.Debug|Any CPU.ActiveCfg = Debug|Any CPU
		{7DAC1873-733B-4F9E-AFB7-EAE7B790A8A1}.Debug|Any CPU.Build.0 = Debug|Any CPU
		{7DAC1873-733B-4F9E-AFB7-EAE7B790A8A1}.Release|Any CPU.ActiveCfg = Release|Any CPU
		{7DAC1873-733B-4F9E-AFB7-EAE7B790A8A1}.Release|Any CPU.Build.0 = Release|Any CPU
	EndGlobalSection
	GlobalSection(SolutionProperties) = preSolution
		HideSolutionNode = FALSE
	EndGlobalSection
	GlobalSection(ExtensibilityGlobals) = postSolution
		SolutionGuid = {FD193357-125A-4E5B-841A-AC7A4887AB87}
	EndGlobalSection
EndGlobal
